
Microsoft Visual Studio Solution File, Format Version 12.00
# Visual Studio Version 17
VisualStudioVersion = 17.3.32929.385
MinimumVisualStudioVersion = 10.0.40219.1
Project("{FAE04EC0-301F-11D3-BF4B-00C04F79EFBC}") = "ComponentTagHelper", "ComponentTagHelper\ComponentTagHelper.csproj", "{CD375AE0-CAC9-49D5-B09B-5E449277A9C7}"
EndProject
Global
	GlobalSection(SolutionConfigurationPlatforms) = preSolution
		Debug|Any CPU = Debug|Any CPU
		Release|Any CPU = Release|Any CPU
	EndGlobalSection
	GlobalSection(ProjectConfigurationPlatforms) = postSolution
		{CD375AE0-CAC9-49D5-B09B-5E449277A9C7}.Debug|Any CPU.ActiveCfg = Debug|Any CPU
		{CD375AE0-CAC9-49D5-B09B-5E449277A9C7}.Debug|Any CPU.Build.0 = Debug|Any CPU
		{CD375AE0-CAC9-49D5-B09B-5E449277A9C7}.Release|Any CPU.ActiveCfg = Release|Any CPU
		{CD375AE0-CAC9-49D5-B09B-5E449277A9C7}.Release|Any CPU.Build.0 = Release|Any CPU
	EndGlobalSection
	GlobalSection(SolutionProperties) = preSolution
		HideSolutionNode = FALSE
	EndGlobalSection
	GlobalSection(ExtensibilityGlobals) = postSolution
		SolutionGuid = {7A0B9C22-29C0-45F0-8AC0-D2342F7EF4DE}
	EndGlobalSection
EndGlobal
